
Microsoft Visual Studio Solution File, Format Version 12.00
# Visual Studio 14
VisualStudioVersion = 14.0.23107.0
MinimumVisualStudioVersion = 10.0.40219.1
Project("{159641D6-6404-4A2A-AE62-294DE0FE8301}") = "Poblar_GourmetStore_Stg", "Poblar_GourmetStore_Stg\Poblar_GourmetStore_Stg.dtproj", "{BDD3660C-1B04-4315-81B0-0E597CF32605}"
EndProject
Global
	GlobalSection(SolutionConfigurationPlatforms) = preSolution
		Development|Default = Development|Default
	EndGlobalSection
	GlobalSection(ProjectConfigurationPlatforms) = postSolution
		{BDD3660C-1B04-4315-81B0-0E597CF32605}.Development|Default.ActiveCfg = Development
		{BDD3660C-1B04-4315-81B0-0E597CF32605}.Development|Default.Build.0 = Development
	EndGlobalSection
	GlobalSection(SolutionProperties) = preSolution
		HideSolutionNode = FALSE
	EndGlobalSection
EndGlobal
